
Microsoft Visual Studio Solution File, Format Version 12.00
# Visual Studio 15
VisualStudioVersion = 15.0.28307.106
MinimumVisualStudioVersion = 10.0.40219.1
Project("{FAE04EC0-301F-11D3-BF4B-00C04F79EFBC}") = "Simple  rpg", "Simple  rpg\Simple  rpg.csproj", "{EF8967DC-FA8A-4E6A-959B-60A9D09CD35C}"
EndProject
Global
	GlobalSection(SolutionConfigurationPlatforms) = preSolution
		Debug|Any CPU = Debug|Any CPU
		Release|Any CPU = Release|Any CPU
	EndGlobalSection
	GlobalSection(ProjectConfigurationPlatforms) = postSolution
		{EF8967DC-FA8A-4E6A-959B-60A9D09CD35C}.Debug|Any CPU.ActiveCfg = Debug|Any CPU
		{EF8967DC-FA8A-4E6A-959B-60A9D09CD35C}.Debug|Any CPU.Build.0 = Debug|Any CPU
		{EF8967DC-FA8A-4E6A-959B-60A9D09CD35C}.Release|Any CPU.ActiveCfg = Release|Any CPU
		{EF8967DC-FA8A-4E6A-959B-60A9D09CD35C}.Release|Any CPU.Build.0 = Release|Any CPU
	EndGlobalSection
	GlobalSection(SolutionProperties) = preSolution
		HideSolutionNode = FALSE
	EndGlobalSection
	GlobalSection(ExtensibilityGlobals) = postSolution
		SolutionGuid = {C95B34E8-9DCD-4A75-8178-2AC87A5203D7}
	EndGlobalSection
EndGlobal
